<?xml version="1.0" encoding="utf-8"?>
<Project ToolsVersion="4.0" xmlns="http://schemas.microsoft.com/developer/msbuild/2003">
  <ItemGroup>
    <Filter Include="源文件">
      <UniqueIdentifier>{4FC737F1-C7A5-4376-A066-2A32D752A2FF}</UniqueIdentifier>
      <Extensions>cpp;c;cc;cxx;c++;cppm;ixx;def;odl;idl;hpj;bat;asm;asmx</Extensions>
    </Filter>
    <Filter Include="头文件">
      <UniqueIdentifier>{93995380-89BD-4b04-88EB-625FBE52EBFB}</UniqueIdentifier>
      <Extensions>h;hh;hpp;hxx;h++;hm;inl;inc;ipp;xsd</Extensions>
    </Filter>
    <Filter Include="资源文件">
      <UniqueIdentifier>{67DA6AB6-F800-4c08-8B7A-83BB121AAD01}</UniqueIdentifier>
      <Extensions>rc;ico;cur;bmp;dlg;rc2;rct;bin;rgs;gif;jpg;jpeg;jpe;resx;tiff;tif;png;wav;mfcribbon-ms</Extensions>
    </Filter>
    <Filter Include="资源文件\shader">
      <UniqueIdentifier>{c824eab6-252a-430f-bfeb-92d24c8c4ffa}</UniqueIdentifier>
    </Filter>
    <Filter Include="资源文件\backpack">
      <UniqueIdentifier>{d98e92b9-246e-4056-a2ba-e1fbd85acf15}</UniqueIdentifier>
    </Filter>
    <Filter Include="资源文件\rsc">
      <UniqueIdentifier>{58303e17-de3b-4f53-b0c2-df44d2e2a81a}</UniqueIdentifier>
    </Filter>
    <Filter Include="资源文件\rsc\skybox">
      <UniqueIdentifier>{c5a1047f-14aa-4cbc-9140-72bd3daead95}</UniqueIdentifier>
    </Filter>
  </ItemGroup>
  <ItemGroup>
    <ClCompile Include="main.cpp">
      <Filter>源文件</Filter>
    </ClCompile>
    <ClCompile Include="glad.c">
      <Filter>源文件</Filter>
    </ClCompile>
    <ClCompile Include="Shader.cpp">
      <Filter>源文件</Filter>
    </ClCompile>
    <ClCompile Include="stb_image.cpp">
      <Filter>源文件</Filter>
    </ClCompile>
    <ClCompile Include="Mesh.cpp">
      <Filter>源文件</Filter>
    </ClCompile>
    <ClCompile Include="Model.cpp">
      <Filter>源文件</Filter>
    </ClCompile>
  </ItemGroup>
  <ItemGroup>
    <ClInclude Include="Shader.h">
      <Filter>头文件</Filter>
    </ClInclude>
    <ClInclude Include="stb_image.h">
      <Filter>头文件</Filter>
    </ClInclude>
    <ClInclude Include="Camera.h">
      <Filter>头文件</Filter>
    </ClInclude>
    <ClInclude Include="Mesh.h">
      <Filter>头文件</Filter>
    </ClInclude>
    <ClInclude Include="Model.h">
      <Filter>头文件</Filter>
    </ClInclude>
  </ItemGroup>
  <ItemGroup>
    <None Include="backpack\backpack.mtl">
      <Filter>资源文件\backpack</Filter>
    </None>
    <None Include="shader\2.4.material.fs">
      <Filter>资源文件\shader</Filter>
    </None>
    <None Include="shader\2.4.material.vs">
      <Filter>资源文件\shader</Filter>
    </None>
    <None Include="shader\2.5.material.fs">
      <Filter>资源文件\shader</Filter>
    </None>
    <None Include="shader\3.3.shader.fs">
      <Filter>资源文件\shader</Filter>
    </None>
    <None Include="shader\3.3.shader.vs">
      <Filter>资源文件\shader</Filter>
    </None>
    <None Include="shader\4.0.shader.fs">
      <Filter>资源文件\shader</Filter>
    </None>
    <None Include="shader\4.0.shader.vs">
      <Filter>资源文件\shader</Filter>
    </None>
    <None Include="shader\depth_testing.fs">
      <Filter>资源文件\shader</Filter>
    </None>
    <None Include="shader\depth_testing.vs">
      <Filter>资源文件\shader</Filter>
    </None>
    <None Include="shader\framebuffer.fs">
      <Filter>资源文件\shader</Filter>
    </None>
    <None Include="shader\framebuffer.vs">
      <Filter>资源文件\shader</Filter>
    </None>
    <None Include="shader\guitar.shader.fs">
      <Filter>资源文件\shader</Filter>
    </None>
    <None Include="shader\guitar.shader.vs">
      <Filter>资源文件\shader</Filter>
    </None>
    <None Include="shader\light.shader.fs">
      <Filter>资源文件\shader</Filter>
    </None>
    <None Include="shader\multipleLight.shader.fs">
      <Filter>资源文件\shader</Filter>
    </None>
    <None Include="shader\singleColor.fs">
      <Filter>资源文件\shader</Filter>
    </None>
    <None Include="shader\spotLight.material.fs">
      <Filter>资源文件\shader</Filter>
    </None>
    <None Include="skybox.fs">
      <Filter>资源文件\shader</Filter>
    </None>
    <None Include="skybox.vs" />
    <None Include="envMap.vs">
      <Filter>资源文件\shader</Filter>
    </None>
    <None Include="envMap.fs" />
  </ItemGroup>
  <ItemGroup>
    <Image Include="backpack\ao.jpg">
      <Filter>资源文件\backpack</Filter>
    </Image>
    <Image Include="backpack\diffuse.jpg">
      <Filter>资源文件\backpack</Filter>
    </Image>
    <Image Include="backpack\normal.png">
      <Filter>资源文件\backpack</Filter>
    </Image>
    <Image Include="backpack\roughness.jpg">
      <Filter>资源文件\backpack</Filter>
    </Image>
    <Image Include="backpack\specular.jpg">
      <Filter>资源文件\backpack</Filter>
    </Image>
    <Image Include="rsc\awesomeface.png">
      <Filter>资源文件\rsc</Filter>
    </Image>
    <Image Include="rsc\blending_transparent_window.png">
      <Filter>资源文件\rsc</Filter>
    </Image>
    <Image Include="rsc\container.jpg">
      <Filter>资源文件\rsc</Filter>
    </Image>
    <Image Include="rsc\container2.png">
      <Filter>资源文件\rsc</Filter>
    </Image>
    <Image Include="rsc\container2_specular.png">
      <Filter>资源文件\rsc</Filter>
    </Image>
    <Image Include="rsc\grass.png">
      <Filter>资源文件\rsc</Filter>
    </Image>
    <Image Include="rsc\lighting_maps_specular_color.png">
      <Filter>资源文件\rsc</Filter>
    </Image>
    <Image Include="rsc\matrix.jpg">
      <Filter>资源文件\rsc</Filter>
    </Image>
    <Image Include="rsc\wall.jpg">
      <Filter>资源文件\rsc</Filter>
    </Image>
    <Image Include="rsc\skybox\back.jpg">
      <Filter>资源文件\rsc\skybox</Filter>
    </Image>
    <Image Include="rsc\skybox\bottom.jpg">
      <Filter>资源文件\rsc\skybox</Filter>
    </Image>
    <Image Include="rsc\skybox\front.jpg">
      <Filter>资源文件\rsc\skybox</Filter>
    </Image>
    <Image Include="rsc\skybox\left.jpg">
      <Filter>资源文件\rsc\skybox</Filter>
    </Image>
    <Image Include="rsc\skybox\right.jpg">
      <Filter>资源文件\rsc\skybox</Filter>
    </Image>
    <Image Include="rsc\skybox\top.jpg">
      <Filter>资源文件\rsc\skybox</Filter>
    </Image>
  </ItemGroup>
  <ItemGroup>
    <Object Include="backpack\backpack.obj">
      <Filter>资源文件\backpack</Filter>
    </Object>
  </ItemGroup>
  <ItemGroup>
    <Text Include="backpack\source_attribution.txt">
      <Filter>资源文件\backpack</Filter>
    </Text>
  </ItemGroup>
</Project>